{
  "requires": true,
  "lockfileVersion": 1,
  "dependencies": {
    "blueimp-md5": {
      "version": "2.10.0",
      "resolved": "http://registry.npm.taobao.org/blueimp-md5/download/blueimp-md5-2.10.0.tgz",
      "integrity": "sha1-AvCEOSH5DcoU9biSCjhZMgHWlk0="
    },
    "lodash": {
      "version": "4.17.11",
      "resolved": "http://registry.npm.taobao.org/lodash/download/lodash-4.17.11.tgz",
      "integrity": "sha1-s56mIp72B+zYniyN8SU2iRysm40="
    },
    "seedrandom": {
      "version": "2.4.4",
      "resolved": "http://registry.npm.taobao.org/seedrandom/download/seedrandom-2.4.4.tgz",
      "integrity": "sha1-sl6phjLHPkX1i3fPqpMWeN8B+bo="
    }
  }
}
